{
  "name": "applura-client",
  "version": "1.0.0-alpha2",
  "lockfileVersion": 2,
  "requires": true,
  "packages": {
    "": {
      "name": "applura-client",
      "version": "1.0.0-alpha2",
      "license": "MIT",
      "dependencies": {
        "@applura/ouroboros": "^1.0.0-rc1",
        "rollup": "^3.8.1"
      }
    },
    "node_modules/@applura/ouroboros": {
      "version": "1.0.0-rc1",
      "resolved": "https://registry.npmjs.org/@applura/ouroboros/-/ouroboros-1.0.0-rc1.tgz",
      "integrity": "sha512-ZxqUO6HArryrVhWPsVB9Ix9A4a8DRtsP4nvkEvMZCXKkFimGX+cW87gvs4MrCtRcWZzVY7ZRBb3Kc1xk7bJo8Q=="
    },
    "node_modules/fsevents": {
      "version": "2.3.2",
      "resolved": "https://registry.npmjs.org/fsevents/-/fsevents-2.3.2.tgz",
      "integrity": "sha512-xiqMQR4xAeHTuB9uWm+fFRcIOgKBMiOBP+eXiyT7jsgVCq1bkVygt00oASowB7EdtpOHaaPgKt812P9ab+DDKA==",
      "hasInstallScript": true,
      "optional": true,
      "os": [
        "darwin"
      ],
      "engines": {
        "node": "^8.16.0 || ^10.6.0 || >=11.0.0"
      }
    },
    "node_modules/rollup": {
      "version": "3.8.1",
      "resolved": "https://registry.npmjs.org/rollup/-/rollup-3.8.1.tgz",
      "integrity": "sha512-4yh9eMW7byOroYcN8DlF9P/2jCpu6txVIHjEqquQVSx7DI0RgyCCN3tjrcy4ra6yVtV336aLBB3v2AarYAxePQ==",
      "bin": {
        "rollup": "dist/bin/rollup"
      },
      "engines": {
        "node": ">=14.18.0",
        "npm": ">=8.0.0"
      },
      "optionalDependencies": {
        "fsevents": "~2.3.2"
      }
    }
  },
  "dependencies": {
    "@applura/ouroboros": {
      "version": "1.0.0-rc1",
      "resolved": "https://registry.npmjs.org/@applura/ouroboros/-/ouroboros-1.0.0-rc1.tgz",
      "integrity": "sha512-ZxqUO6HArryrVhWPsVB9Ix9A4a8DRtsP4nvkEvMZCXKkFimGX+cW87gvs4MrCtRcWZzVY7ZRBb3Kc1xk7bJo8Q=="
    },
    "fsevents": {
      "version": "2.3.2",
      "resolved": "https://registry.npmjs.org/fsevents/-/fsevents-2.3.2.tgz",
      "integrity": "sha512-xiqMQR4xAeHTuB9uWm+fFRcIOgKBMiOBP+eXiyT7jsgVCq1bkVygt00oASowB7EdtpOHaaPgKt812P9ab+DDKA==",
      "optional": true
    },
    "rollup": {
      "version": "3.8.1",
      "resolved": "https://registry.npmjs.org/rollup/-/rollup-3.8.1.tgz",
      "integrity": "sha512-4yh9eMW7byOroYcN8DlF9P/2jCpu6txVIHjEqquQVSx7DI0RgyCCN3tjrcy4ra6yVtV336aLBB3v2AarYAxePQ==",
      "requires": {
        "fsevents": "~2.3.2"
      }
    }
  }
}
